
Microsoft Visual Studio Solution File, Format Version 12.00
# Visual Studio Version 17
VisualStudioVersion = 17.9.34902.65
MinimumVisualStudioVersion = 10.0.40219.1
Project("{FAE04EC0-301F-11D3-BF4B-00C04F79EFBC}") = "jobdone_backend", "jobdone_backend\jobdone_backend.csproj", "{9F411DE2-402E-46AF-AAB8-249A9726DCCB}"
EndProject
Global
	GlobalSection(SolutionConfigurationPlatforms) = preSolution
		Debug|Any CPU = Debug|Any CPU
		Release|Any CPU = Release|Any CPU
	EndGlobalSection
	GlobalSection(ProjectConfigurationPlatforms) = postSolution
		{9F411DE2-402E-46AF-AAB8-249A9726DCCB}.Debug|Any CPU.ActiveCfg = Debug|Any CPU
		{9F411DE2-402E-46AF-AAB8-249A9726DCCB}.Debug|Any CPU.Build.0 = Debug|Any CPU
		{9F411DE2-402E-46AF-AAB8-249A9726DCCB}.Release|Any CPU.ActiveCfg = Release|Any CPU
		{9F411DE2-402E-46AF-AAB8-249A9726DCCB}.Release|Any CPU.Build.0 = Release|Any CPU
	EndGlobalSection
	GlobalSection(SolutionProperties) = preSolution
		HideSolutionNode = FALSE
	EndGlobalSection
	GlobalSection(ExtensibilityGlobals) = postSolution
		SolutionGuid = {475E73A6-062E-484B-B61C-F97A2562B2F7}
	EndGlobalSection
EndGlobal
